
Microsoft Visual Studio Solution File, Format Version 12.00
# Visual Studio Version 16
VisualStudioVersion = 16.0.30717.126
MinimumVisualStudioVersion = 10.0.40219.1
Project("{FAE04EC0-301F-11D3-BF4B-00C04F79EFBC}") = "FormulaCode.ActivityLogging", "FormulaCode.ActivityLogging\FormulaCode.ActivityLogging.csproj", "{5C9B6F57-E325-4440-82DF-20ACABD14DB0}"
EndProject
Project("{FAE04EC0-301F-11D3-BF4B-00C04F79EFBC}") = "FormulaCode.ActivityLogging.Tests", "FormulaCode.ActivityLogging.Tests\FormulaCode.ActivityLogging.Tests.csproj", "{88A255E4-2C7E-4747-A86C-8E4F039EF024}"
EndProject
Global
	GlobalSection(SolutionConfigurationPlatforms) = preSolution
		Debug|Any CPU = Debug|Any CPU
		Release|Any CPU = Release|Any CPU
	EndGlobalSection
	GlobalSection(ProjectConfigurationPlatforms) = postSolution
		{5C9B6F57-E325-4440-82DF-20ACABD14DB0}.Debug|Any CPU.ActiveCfg = Debug|Any CPU
		{5C9B6F57-E325-4440-82DF-20ACABD14DB0}.Debug|Any CPU.Build.0 = Debug|Any CPU
		{5C9B6F57-E325-4440-82DF-20ACABD14DB0}.Release|Any CPU.ActiveCfg = Release|Any CPU
		{5C9B6F57-E325-4440-82DF-20ACABD14DB0}.Release|Any CPU.Build.0 = Release|Any CPU
		{88A255E4-2C7E-4747-A86C-8E4F039EF024}.Debug|Any CPU.ActiveCfg = Debug|Any CPU
		{88A255E4-2C7E-4747-A86C-8E4F039EF024}.Debug|Any CPU.Build.0 = Debug|Any CPU
		{88A255E4-2C7E-4747-A86C-8E4F039EF024}.Release|Any CPU.ActiveCfg = Release|Any CPU
		{88A255E4-2C7E-4747-A86C-8E4F039EF024}.Release|Any CPU.Build.0 = Release|Any CPU
	EndGlobalSection
	GlobalSection(SolutionProperties) = preSolution
		HideSolutionNode = FALSE
	EndGlobalSection
	GlobalSection(ExtensibilityGlobals) = postSolution
		SolutionGuid = {2AEBAD17-7B2F-420F-9696-E0C31AF2DCF2}
	EndGlobalSection
EndGlobal
